// !$*UTF8*$!
{
	archiveVersion = 1;
	classes = {
	};
	objectVersion = 50;
	objects = {

/* Begin PBXBuildFile section */
		8B8FB79221C6DF63006BC57C /* AppDelegate.swift in Sources */ = {isa = PBXBuildFile; fileRef = 8B8FB79121C6DF63006BC57C /* AppDelegate.swift */; };
		8B8FB79421C6DF63006BC57C /* ViewController.swift in Sources */ = {isa = PBXBuildFile; fileRef = 8B8FB79321C6DF63006BC57C /* ViewController.swift */; };
		8B8FB79721C6DF63006BC57C /* Main.storyboard in Resources */ = {isa = PBXBuildFile; fileRef = 8B8FB79521C6DF63006BC57C /* Main.storyboard */; };
		8B8FB79921C6DF64006BC57C /* Assets.xcassets in Resources */ = {isa = PBXBuildFile; fileRef = 8B8FB79821C6DF64006BC57C /* Assets.xcassets */; };
		8B8FB79C21C6DF64006BC57C /* LaunchScreen.storyboard in Resources */ = {isa = PBXBuildFile; fileRef = 8B8FB79A21C6DF64006BC57C /* LaunchScreen.storyboard */; };
		8B8FB7A721C6DF64006BC57C /* REUNITETests.swift in Sources */ = {isa = PBXBuildFile; fileRef = 8B8FB7A621C6DF64006BC57C /* REUNITETests.swift */; };
		8B8FB7B221C6DF64006BC57C /* REUNITEUITests.swift in Sources */ = {isa = PBXBuildFile; fileRef = 8B8FB7B121C6DF64006BC57C /* REUNITEUITests.swift */; };
/* End PBXBuildFile section */

/* Begin PBXContainerItemProxy section */
		8B8FB7A321C6DF64006BC57C /* PBXContainerItemProxy */ = {
			isa = PBXContainerItemProxy;
			containerPortal = 8B8FB78621C6DF63006BC57C /* Project object */;
			proxyType = 1;
			remoteGlobalIDString = 8B8FB78D21C6DF63006BC57C;
			remoteInfo = REUNITE;
		};
		8B8FB7AE21C6DF64006BC57C /* PBXContainerItemProxy */ = {
			isa = PBXContainerItemProxy;
			containerPortal = 8B8FB78621C6DF63006BC57C /* Project object */;
			proxyType = 1;
			remoteGlobalIDString = 8B8FB78D21C6DF63006BC57C;
			remoteInfo = REUNITE;
		};
/* End PBXContainerItemProxy section */

/* Begin PBXFileReference section */
		8B8FB78E21C6DF63006BC57C /* REUNITE.app */ = {isa = PBXFileReference; explicitFileType = wrapper.application; includeInIndex = 0; path = REUNITE.app; sourceTree = BUILT_PRODUCTS_DIR; };
		8B8FB79121C6DF63006BC57C /* AppDelegate.swift */ = {isa = PBXFileReference; lastKnownFileType = sourcecode.swift; path = AppDelegate.swift; sourceTree = "<group>"; };
		8B8FB79321C6DF63006BC57C /* ViewController.swift */ = {isa = PBXFileReference; lastKnownFileType = sourcecode.swift; path = ViewController.swift; sourceTree = "<group>"; };
		8B8FB79621C6DF63006BC57C /* Base */ = {isa = PBXFileReference; lastKnownFileType = file.storyboard; name = Base; path = Base.lproj/Main.storyboard; sourceTree = "<group>"; };
		8B8FB79821C6DF64006BC57C /* Assets.xcassets */ = {isa = PBXFileReference; lastKnownFileType = folder.assetcatalog; path = Assets.xcassets; sourceTree = "<group>"; };
		8B8FB79B21C6DF64006BC57C /* Base */ = {isa = PBXFileReference; lastKnownFileType = file.storyboard; name = Base; path = Base.lproj/LaunchScreen.storyboard; sourceTree = "<group>"; };
		8B8FB79D21C6DF64006BC57C /* Info.plist */ = {isa = PBXFileReference; lastKnownFileType = text.plist.xml; path = Info.plist; sourceTree = "<group>"; };
		8B8FB7A221C6DF64006BC57C /* REUNITETests.xctest */ = {isa = PBXFileReference; explicitFileType = wrapper.cfbundle; includeInIndex = 0; path = REUNITETests.xctest; sourceTree = BUILT_PRODUCTS_DIR; };
		8B8FB7A621C6DF64006BC57C /* REUNITETests.swift */ = {isa = PBXFileReference; lastKnownFileType = sourcecode.swift; path = REUNITETests.swift; sourceTree = "<group>"; };
		8B8FB7A821C6DF64006BC57C /* Info.plist */ = {isa = PBXFileReference; lastKnownFileType = text.plist.xml; path = Info.plist; sourceTree = "<group>"; };
		8B8FB7AD21C6DF64006BC57C /* REUNITEUITests.xctest */ = {isa = PBXFileReference; explicitFileType = wrapper.cfbundle; includeInIndex = 0; path = REUNITEUITests.xctest; sourceTree = BUILT_PRODUCTS_DIR; };
		8B8FB7B121C6DF64006BC57C /* REUNITEUITests.swift */ = {isa = PBXFileReference; lastKnownFileType = sourcecode.swift; path = REUNITEUITests.swift; sourceTree = "<group>"; };
		8B8FB7B321C6DF64006BC57C /* Info.plist */ = {isa = PBXFileReference; lastKnownFileType = text.plist.xml; path = Info.plist; sourceTree = "<group>"; };
/* End PBXFileReference section */

/* Begin PBXFrameworksBuildPhase section */
		8B8FB78B21C6DF63006BC57C /* Frameworks */ = {
			isa = PBXFrameworksBuildPhase;
			buildActionMask = 2147483647;
			files = (
			);
			runOnlyForDeploymentPostprocessing = 0;
		};
		8B8FB79F21C6DF64006BC57C /* Frameworks */ = {
			isa = PBXFrameworksBuildPhase;
			buildActionMask = 2147483647;
			files = (
			);
			runOnlyForDeploymentPostprocessing = 0;
		};
		8B8FB7AA21C6DF64006BC57C /* Frameworks */ = {
			isa = PBXFrameworksBuildPhase;
			buildActionMask = 2147483647;
			files = (
			);
			runOnlyForDeploymentPostprocessing = 0;
		};
/* End PBXFrameworksBuildPhase section */

/* Begin PBXGroup section */
		8B8FB78521C6DF63006BC57C = {
			isa = PBXGroup;
			children = (
				8B8FB79021C6DF63006BC57C /* REUNITE */,
				8B8FB7A521C6DF64006BC57C /* REUNITETests */,
				8B8FB7B021C6DF64006BC57C /* REUNITEUITests */,
				8B8FB78F21C6DF63006BC57C /* Products */,
			);
			sourceTree = "<group>";
		};
		8B8FB78F21C6DF63006BC57C /* Products */ = {
			isa = PBXGroup;
			children = (
				8B8FB78E21C6DF63006BC57C /* REUNITE.app */,
				8B8FB7A221C6DF64006BC57C /* REUNITETests.xctest */,
				8B8FB7AD21C6DF64006BC57C /* REUNITEUITests.xctest */,
			);
			name = Products;
			sourceTree = "<group>";
		};
		8B8FB79021C6DF63006BC57C /* REUNITE */ = {
			isa = PBXGroup;
			children = (
				8B8FB79121C6DF63006BC57C /* AppDelegate.swift */,
				8B8FB79321C6DF63006BC57C /* ViewController.swift */,
				8B8FB79521C6DF63006BC57C /* Main.storyboard */,
				8B8FB79821C6DF64006BC57C /* Assets.xcassets */,
				8B8FB79A21C6DF64006BC57C /* LaunchScreen.storyboard */,
				8B8FB79D21C6DF64006BC57C /* Info.plist */,
			);
			path = REUNITE;
			sourceTree = "<group>";
		};
		8B8FB7A521C6DF64006BC57C /* REUNITETests */ = {
			isa = PBXGroup;
			children = (
				8B8FB7A621C6DF64006BC57C /* REUNITETests.swift */,
				8B8FB7A821C6DF64006BC57C /* Info.plist */,
			);
			path = REUNITETests;
			sourceTree = "<group>";
		};
		8B8FB7B021C6DF64006BC57C /* REUNITEUITests */ = {
			isa = PBXGroup;
			children = (
				8B8FB7B121C6DF64006BC57C /* REUNITEUITests.swift */,
				8B8FB7B321C6DF64006BC57C /* Info.plist */,
			);
			path = REUNITEUITests;
			sourceTree = "<group>";
		};
/* End PBXGroup section */

/* Begin PBXNativeTarget section */
		8B8FB78D21C6DF63006BC57C /* REUNITE */ = {
			isa = PBXNativeTarget;
			buildConfigurationList = 8B8FB7B621C6DF64006BC57C /* Build configuration list for PBXNativeTarget "REUNITE" */;
			buildPhases = (
				8B8FB78A21C6DF63006BC57C /* Sources */,
				8B8FB78B21C6DF63006BC57C /* Frameworks */,
				8B8FB78C21C6DF63006BC57C /* Resources */,
			);
			buildRules = (
			);
			dependencies = (
			);
			name = REUNITE;
			productName = REUNITE;
			productReference = 8B8FB78E21C6DF63006BC57C /* REUNITE.app */;
			productType = "com.apple.product-type.application";
		};
		8B8FB7A121C6DF64006BC57C /* REUNITETests */ = {
			isa = PBXNativeTarget;
			buildConfigurationList = 8B8FB7B921C6DF64006BC57C /* Build configuration list for PBXNativeTarget "REUNITETests" */;
			buildPhases = (
				8B8FB79E21C6DF64006BC57C /* Sources */,
				8B8FB79F21C6DF64006BC57C /* Frameworks */,
				8B8FB7A021C6DF64006BC57C /* Resources */,
			);
			buildRules = (
			);
			dependencies = (
				8B8FB7A421C6DF64006BC57C /* PBXTargetDependency */,
			);
			name = REUNITETests;
			productName = REUNITETests;
			productReference = 8B8FB7A221C6DF64006BC57C /* REUNITETests.xctest */;
			productType = "com.apple.product-type.bundle.unit-test";
		};
		8B8FB7AC21C6DF64006BC57C /* REUNITEUITests */ = {
			isa = PBXNativeTarget;
			buildConfigurationList = 8B8FB7BC21C6DF64006BC57C /* Build configuration list for PBXNativeTarget "REUNITEUITests" */;
			buildPhases = (
				8B8FB7A921C6DF64006BC57C /* Sources */,
				8B8FB7AA21C6DF64006BC57C /* Frameworks */,
				8B8FB7AB21C6DF64006BC57C /* Resources */,
			);
			buildRules = (
			);
			dependencies = (
				8B8FB7AF21C6DF64006BC57C /* PBXTargetDependency */,
			);
			name = REUNITEUITests;
			productName = REUNITEUITests;
			productReference = 8B8FB7AD21C6DF64006BC57C /* REUNITEUITests.xctest */;
			productType = "com.apple.product-type.bundle.ui-testing";
		};
/* End PBXNativeTarget section */

/* Begin PBXProject section */
		8B8FB78621C6DF63006BC57C /* Project object */ = {
			isa = PBXProject;
			attributes = {
				LastSwiftUpdateCheck = 1010;
				LastUpgradeCheck = 1010;
				ORGANIZATIONNAME = guavamangos;
				TargetAttributes = {
					8B8FB78D21C6DF63006BC57C = {
						CreatedOnToolsVersion = 10.1;
					};
					8B8FB7A121C6DF64006BC57C = {
						CreatedOnToolsVersion = 10.1;
						TestTargetID = 8B8FB78D21C6DF63006BC57C;
					};
					8B8FB7AC21C6DF64006BC57C = {
						CreatedOnToolsVersion = 10.1;
						TestTargetID = 8B8FB78D21C6DF63006BC57C;
					};
				};
			};
			buildConfigurationList = 8B8FB78921C6DF63006BC57C /* Build configuration list for PBXProject "REUNITE" */;
			compatibilityVersion = "Xcode 9.3";
			developmentRegion = en;
			hasScannedForEncodings = 0;
			knownRegions = (
				en,
				Base,
			);
			mainGroup = 8B8FB78521C6DF63006BC57C;
			productRefGroup = 8B8FB78F21C6DF63006BC57C /* Products */;
			projectDirPath = "";
			projectRoot = "";
			targets = (
				8B8FB78D21C6DF63006BC57C /* REUNITE */,
				8B8FB7A121C6DF64006BC57C /* REUNITETests */,
				8B8FB7AC21C6DF64006BC57C /* REUNITEUITests */,
			);
		};
/* End PBXProject section */

/* Begin PBXResourcesBuildPhase section */
		8B8FB78C21C6DF63006BC57C /* Resources */ = {
			isa = PBXResourcesBuildPhase;
			buildActionMask = 2147483647;
			files = (
				8B8FB79C21C6DF64006BC57C /* LaunchScreen.storyboard in Resources */,
				8B8FB79921C6DF64006BC57C /* Assets.xcassets in Resources */,
				8B8FB79721C6DF63006BC57C /* Main.storyboard in Resources */,
			);
			runOnlyForDeploymentPostprocessing = 0;
		};
		8B8FB7A021C6DF64006BC57C /* Resources */ = {
			isa = PBXResourcesBuildPhase;
			buildActionMask = 2147483647;
			files = (
			);
			runOnlyForDeploymentPostprocessing = 0;
		};
		8B8FB7AB21C6DF64006BC57C /* Resources */ = {
			isa = PBXResourcesBuildPhase;
			buildActionMask = 2147483647;
			files = (
			);
			runOnlyForDeploymentPostprocessing = 0;
		};
/* End PBXResourcesBuildPhase section */

/* Begin PBXSourcesBuildPhase section */
		8B8FB78A21C6DF63006BC57C /* Sources */ = {
			isa = PBXSourcesBuildPhase;
			buildActionMask = 2147483647;
			files = (
				8B8FB79421C6DF63006BC57C /* ViewController.swift in Sources */,
				8B8FB79221C6DF63006BC57C /* AppDelegate.swift in Sources */,
			);
			runOnlyForDeploymentPostprocessing = 0;
		};
		8B8FB79E21C6DF64006BC57C /* Sources */ = {
			isa = PBXSourcesBuildPhase;
			buildActionMask = 2147483647;
			files = (
				8B8FB7A721C6DF64006BC57C /* REUNITETests.swift in Sources */,
			);
			runOnlyForDeploymentPostprocessing = 0;
		};
		8B8FB7A921C6DF64006BC57C /* Sources */ = {
			isa = PBXSourcesBuildPhase;
			buildActionMask = 2147483647;
			files = (
				8B8FB7B221C6DF64006BC57C /* REUNITEUITests.swift in Sources */,
			);
			runOnlyForDeploymentPostprocessing = 0;
		};
/* End PBXSourcesBuildPhase section */

/* Begin PBXTargetDependency section */
		8B8FB7A421C6DF64006BC57C /* PBXTargetDependency */ = {
			isa = PBXTargetDependency;
			target = 8B8FB78D21C6DF63006BC57C /* REUNITE */;
			targetProxy = 8B8FB7A321C6DF64006BC57C /* PBXContainerItemProxy */;
		};
		8B8FB7AF21C6DF64006BC57C /* PBXTargetDependency */ = {
			isa = PBXTargetDependency;
			target = 8B8FB78D21C6DF63006BC57C /* REUNITE */;
			targetProxy = 8B8FB7AE21C6DF64006BC57C /* PBXContainerItemProxy */;
		};
/* End PBXTargetDependency section */

/* Begin PBXVariantGroup section */
		8B8FB79521C6DF63006BC57C /* Main.storyboard */ = {
			isa = PBXVariantGroup;
			children = (
				8B8FB79621C6DF63006BC57C /* Base */,
			);
			name = Main.storyboard;
			sourceTree = "<group>";
		};
		8B8FB79A21C6DF64006BC57C /* LaunchScreen.storyboard */ = {
			isa = PBXVariantGroup;
			children = (
				8B8FB79B21C6DF64006BC57C /* Base */,
			);
			name = LaunchScreen.storyboard;
			sourceTree = "<group>";
		};
/* End PBXVariantGroup section */

/* Begin XCBuildConfiguration section */
		8B8FB7B421C6DF64006BC57C /* Debug */ = {
			isa = XCBuildConfiguration;
			buildSettings = {
				ALWAYS_SEARCH_USER_PATHS = NO;
				CLANG_ANALYZER_NONNULL = YES;
				CLANG_ANALYZER_NUMBER_OBJECT_CONVERSION = YES_AGGRESSIVE;
				CLANG_CXX_LANGUAGE_STANDARD = "gnu++14";
				CLANG_CXX_LIBRARY = "libc++";
				CLANG_ENABLE_MODULES = YES;
				CLANG_ENABLE_OBJC_ARC = YES;
				CLANG_ENABLE_OBJC_WEAK = YES;
				CLANG_WARN_BLOCK_CAPTURE_AUTORELEASING = YES;
				CLANG_WARN_BOOL_CONVERSION = YES;
				CLANG_WARN_COMMA = YES;
				CLANG_WARN_CONSTANT_CONVERSION = YES;
				CLANG_WARN_DEPRECATED_OBJC_IMPLEMENTATIONS = YES;
				CLANG_WARN_DIRECT_OBJC_ISA_USAGE = YES_ERROR;
				CLANG_WARN_DOCUMENTATION_COMMENTS = YES;
				CLANG_WARN_EMPTY_BODY = YES;
				CLANG_WARN_ENUM_CONVERSION = YES;
				CLANG_WARN_INFINITE_RECURSION = YES;
				CLANG_WARN_INT_CONVERSION = YES;
				CLANG_WARN_NON_LITERAL_NULL_CONVERSION = YES;
				CLANG_WARN_OBJC_IMPLICIT_RETAIN_SELF = YES;
				CLANG_WARN_OBJC_LITERAL_CONVERSION = YES;
				CLANG_WARN_OBJC_ROOT_CLASS = YES_ERROR;
				CLANG_WARN_RANGE_LOOP_ANALYSIS = YES;
				CLANG_WARN_STRICT_PROTOTYPES = YES;
				CLANG_WARN_SUSPICIOUS_MOVE = YES;
				CLANG_WARN_UNGUARDED_AVAILABILITY = YES_AGGRESSIVE;
				CLANG_WARN_UNREACHABLE_CODE = YES;
				CLANG_WARN__DUPLICATE_METHOD_MATCH = YES;
				CODE_SIGN_IDENTITY = "iPhone Developer";
				COPY_PHASE_STRIP = NO;
				DEBUG_INFORMATION_FORMAT = dwarf;
				ENABLE_STRICT_OBJC_MSGSEND = YES;
				ENABLE_TESTABILITY = YES;
				GCC_C_LANGUAGE_STANDARD = gnu11;
				GCC_DYNAMIC_NO_PIC = NO;
				GCC_NO_COMMON_BLOCKS = YES;
				GCC_OPTIMIZATION_LEVEL = 0;
				GCC_PREPROCESSOR_DEFINITIONS = (
					"DEBUG=1",
					"$(inherited)",
				);
				GCC_WARN_64_TO_32_BIT_CONVERSION = YES;
				GCC_WARN_ABOUT_RETURN_TYPE = YES_ERROR;
				GCC_WARN_UNDECLARED_SELECTOR = YES;
				GCC_WARN_UNINITIALIZED_AUTOS = YES_AGGRESSIVE;
				GCC_WARN_UNUSED_FUNCTION = YES;
				GCC_WARN_UNUSED_VARIABLE = YES;
				IPHONEOS_DEPLOYMENT_TARGET = 11.0;
				MTL_ENABLE_DEBUG_INFO = INCLUDE_SOURCE;
				MTL_FAST_MATH = YES;
				ONLY_ACTIVE_ARCH = YES;
				SDKROOT = iphoneos;
				SWIFT_ACTIVE_COMPILATION_CONDITIONS = DEBUG;
				SWIFT_OPTIMIZATION_LEVEL = "-Onone";
			};
			name = Debug;
		};
		8B8FB7B521C6DF64006BC57C /* Release */ = {
			isa = XCBuildConfiguration;
			buildSettings = {
				ALWAYS_SEARCH_USER_PATHS = NO;
				CLANG_ANALYZER_NONNULL = YES;
				CLANG_ANALYZER_NUMBER_OBJECT_CONVERSION = YES_AGGRESSIVE;
				CLANG_CXX_LANGUAGE_STANDARD = "gnu++14";
				CLANG_CXX_LIBRARY = "libc++";
				CLANG_ENABLE_MODULES = YES;
				CLANG_ENABLE_OBJC_ARC = YES;
				CLANG_ENABLE_OBJC_WEAK = YES;
				CLANG_WARN_BLOCK_CAPTURE_AUTORELEASING = YES;
				CLANG_WARN_BOOL_CONVERSION = YES;
				CLANG_WARN_COMMA = YES;
				CLANG_WARN_CONSTANT_CONVERSION = YES;
				CLANG_WARN_DEPRECATED_OBJC_IMPLEMENTATIONS = YES;
				CLANG_WARN_DIRECT_OBJC_ISA_USAGE = YES_ERROR;
				CLANG_WARN_DOCUMENTATION_COMMENTS = YES;
				CLANG_WARN_EMPTY_BODY = YES;
				CLANG_WARN_ENUM_CONVERSION = YES;
				CLANG_WARN_INFINITE_RECURSION = YES;
				CLANG_WARN_INT_CONVERSION = YES;
				CLANG_WARN_NON_LITERAL_NULL_CONVERSION = YES;
				CLANG_WARN_OBJC_IMPLICIT_RETAIN_SELF = YES;
				CLANG_WARN_OBJC_LITERAL_CONVERSION = YES;
				CLANG_WARN_OBJC_ROOT_CLASS = YES_ERROR;
				CLANG_WARN_RANGE_LOOP_ANALYSIS = YES;
				CLANG_WARN_STRICT_PROTOTYPES = YES;
				CLANG_WARN_SUSPICIOUS_MOVE = YES;
				CLANG_WARN_UNGUARDED_AVAILABILITY = YES_AGGRESSIVE;
				CLANG_WARN_UNREACHABLE_CODE = YES;
				CLANG_WARN__DUPLICATE_METHOD_MATCH = YES;
				CODE_SIGN_IDENTITY = "iPhone Developer";
				COPY_PHASE_STRIP = NO;
				DEBUG_INFORMATION_FORMAT = "dwarf-with-dsym";
				ENABLE_NS_ASSERTIONS = NO;
				ENABLE_STRICT_OBJC_MSGSEND = YES;
				GCC_C_LANGUAGE_STANDARD = gnu11;
				GCC_NO_COMMON_BLOCKS = YES;
				GCC_WARN_64_TO_32_BIT_CONVERSION = YES;
				GCC_WARN_ABOUT_RETURN_TYPE = YES_ERROR;
				GCC_WARN_UNDECLARED_SELECTOR = YES;
				GCC_WARN_UNINITIALIZED_AUTOS = YES_AGGRESSIVE;
				GCC_WARN_UNUSED_FUNCTION = YES;
				GCC_WARN_UNUSED_VARIABLE = YES;
				IPHONEOS_DEPLOYMENT_TARGET = 11.0;
				MTL_ENABLE_DEBUG_INFO = NO;
				MTL_FAST_MATH = YES;
				SDKROOT = iphoneos;
				SWIFT_COMPILATION_MODE = wholemodule;
				SWIFT_OPTIMIZATION_LEVEL = "-O";
				VALIDATE_PRODUCT = YES;
			};
			name = Release;
		};
		8B8FB7B721C6DF64006BC57C /* Debug */ = {
			isa = XCBuildConfiguration;
			buildSettings = {
				ASSETCATALOG_COMPILER_APPICON_NAME = AppIcon;
				CODE_SIGN_STYLE = Automatic;
				DEVELOPMENT_TEAM = 8V66X4LNCP;
				INFOPLIST_FILE = REUNITE/Info.plist;
				LD_RUNPATH_SEARCH_PATHS = (
					"$(inherited)",
					"@executable_path/Frameworks",
				);
				PRODUCT_BUNDLE_IDENTIFIER = guavamangos.REUNITEiOS;
				PRODUCT_NAME = "$(TARGET_NAME)";
				SWIFT_VERSION = 4.2;
				TARGETED_DEVICE_FAMILY = "1,2";
			};
			name = Debug;
		};
		8B8FB7B821C6DF64006BC57C /* Release */ = {
			isa = XCBuildConfiguration;
			buildSettings = {
				ASSETCATALOG_COMPILER_APPICON_NAME = AppIcon;
				CODE_SIGN_STYLE = Automatic;
				DEVELOPMENT_TEAM = 8V66X4LNCP;
				INFOPLIST_FILE = REUNITE/Info.plist;
				LD_RUNPATH_SEARCH_PATHS = (
					"$(inherited)",
					"@executable_path/Frameworks",
				);
				PRODUCT_BUNDLE_IDENTIFIER = guavamangos.REUNITEiOS;
				PRODUCT_NAME = "$(TARGET_NAME)";
				SWIFT_VERSION = 4.2;
				TARGETED_DEVICE_FAMILY = "1,2";
			};
			name = Release;
		};
		8B8FB7BA21C6DF64006BC57C /* Debug */ = {
			isa = XCBuildConfiguration;
			buildSettings = {
				ALWAYS_EMBED_SWIFT_STANDARD_LIBRARIES = YES;
				BUNDLE_LOADER = "$(TEST_HOST)";
				CODE_SIGN_STYLE = Automatic;
				DEVELOPMENT_TEAM = 8V66X4LNCP;
				INFOPLIST_FILE = REUNITETests/Info.plist;
				LD_RUNPATH_SEARCH_PATHS = (
					"$(inherited)",
					"@executable_path/Frameworks",
					"@loader_path/Frameworks",
				);
				PRODUCT_BUNDLE_IDENTIFIER = guavamangos.REUNITETests;
				PRODUCT_NAME = "$(TARGET_NAME)";
				SWIFT_VERSION = 4.2;
				TARGETED_DEVICE_FAMILY = "1,2";
				TEST_HOST = "$(BUILT_PRODUCTS_DIR)/REUNITE.app/REUNITE";
			};
			name = Debug;
		};
		8B8FB7BB21C6DF64006BC57C /* Release */ = {
			isa = XCBuildConfiguration;
			buildSettings = {
				ALWAYS_EMBED_SWIFT_STANDARD_LIBRARIES = YES;
				BUNDLE_LOADER = "$(TEST_HOST)";
				CODE_SIGN_STYLE = Automatic;
				DEVELOPMENT_TEAM = 8V66X4LNCP;
				INFOPLIST_FILE = REUNITETests/Info.plist;
				LD_RUNPATH_SEARCH_PATHS = (
					"$(inherited)",
					"@executable_path/Frameworks",
					"@loader_path/Frameworks",
				);
				PRODUCT_BUNDLE_IDENTIFIER = guavamangos.REUNITETests;
				PRODUCT_NAME = "$(TARGET_NAME)";
				SWIFT_VERSION = 4.2;
				TARGETED_DEVICE_FAMILY = "1,2";
				TEST_HOST = "$(BUILT_PRODUCTS_DIR)/REUNITE.app/REUNITE";
			};
			name = Release;
		};
		8B8FB7BD21C6DF64006BC57C /* Debug */ = {
			isa = XCBuildConfiguration;
			buildSettings = {
				ALWAYS_EMBED_SWIFT_STANDARD_LIBRARIES = YES;
				CODE_SIGN_STYLE = Automatic;
				DEVELOPMENT_TEAM = 8V66X4LNCP;
				INFOPLIST_FILE = REUNITEUITests/Info.plist;
				LD_RUNPATH_SEARCH_PATHS = (
					"$(inherited)",
					"@executable_path/Frameworks",
					"@loader_path/Frameworks",
				);
				PRODUCT_BUNDLE_IDENTIFIER = guavamangos.REUNITEUITests;
				PRODUCT_NAME = "$(TARGET_NAME)";
				SWIFT_VERSION = 4.2;
				TARGETED_DEVICE_FAMILY = "1,2";
				TEST_TARGET_NAME = REUNITE;
			};
			name = Debug;
		};
		8B8FB7BE21C6DF64006BC57C /* Release */ = {
			isa = XCBuildConfiguration;
			buildSettings = {
				ALWAYS_EMBED_SWIFT_STANDARD_LIBRARIES = YES;
				CODE_SIGN_STYLE = Automatic;
				DEVELOPMENT_TEAM = 8V66X4LNCP;
				INFOPLIST_FILE = REUNITEUITests/Info.plist;
				LD_RUNPATH_SEARCH_PATHS = (
					"$(inherited)",
					"@executable_path/Frameworks",
					"@loader_path/Frameworks",
				);
				PRODUCT_BUNDLE_IDENTIFIER = guavamangos.REUNITEUITests;
				PRODUCT_NAME = "$(TARGET_NAME)";
				SWIFT_VERSION = 4.2;
				TARGETED_DEVICE_FAMILY = "1,2";
				TEST_TARGET_NAME = REUNITE;
			};
			name = Release;
		};
/* End XCBuildConfiguration section */

/* Begin XCConfigurationList section */
		8B8FB78921C6DF63006BC57C /* Build configuration list for PBXProject "REUNITE" */ = {
			isa = XCConfigurationList;
			buildConfigurations = (
				8B8FB7B421C6DF64006BC57C /* Debug */,
				8B8FB7B521C6DF64006BC57C /* Release */,
			);
			defaultConfigurationIsVisible = 0;
			defaultConfigurationName = Release;
		};
		8B8FB7B621C6DF64006BC57C /* Build configuration list for PBXNativeTarget "REUNITE" */ = {
			isa = XCConfigurationList;
			buildConfigurations = (
				8B8FB7B721C6DF64006BC57C /* Debug */,
				8B8FB7B821C6DF64006BC57C /* Release */,
			);
			defaultConfigurationIsVisible = 0;
			defaultConfigurationName = Release;
		};
		8B8FB7B921C6DF64006BC57C /* Build configuration list for PBXNativeTarget "REUNITETests" */ = {
			isa = XCConfigurationList;
			buildConfigurations = (
				8B8FB7BA21C6DF64006BC57C /* Debug */,
				8B8FB7BB21C6DF64006BC57C /* Release */,
			);
			defaultConfigurationIsVisible = 0;
			defaultConfigurationName = Release;
		};
		8B8FB7BC21C6DF64006BC57C /* Build configuration list for PBXNativeTarget "REUNITEUITests" */ = {
			isa = XCConfigurationList;
			buildConfigurations = (
				8B8FB7BD21C6DF64006BC57C /* Debug */,
				8B8FB7BE21C6DF64006BC57C /* Release */,
			);
			defaultConfigurationIsVisible = 0;
			defaultConfigurationName = Release;
		};
/* End XCConfigurationList section */
	};
	rootObject = 8B8FB78621C6DF63006BC57C /* Project object */;
}
